
Microsoft Visual Studio Solution File, Format Version 12.00
# Visual Studio Version 16
VisualStudioVersion = 16.0.30114.105
MinimumVisualStudioVersion = 10.0.40219.1
Project("{FAE04EC0-301F-11D3-BF4B-00C04F79EFBC}") = "IronDungeon", "IronDungeon\IronDungeon.csproj", "{394FCBBF-6A7F-41AA-AED5-3E36619C206E}"
EndProject
Global
	GlobalSection(SolutionConfigurationPlatforms) = preSolution
		Debug|Any CPU = Debug|Any CPU
		Release|Any CPU = Release|Any CPU
	EndGlobalSection
	GlobalSection(ProjectConfigurationPlatforms) = postSolution
		{394FCBBF-6A7F-41AA-AED5-3E36619C206E}.Debug|Any CPU.ActiveCfg = Debug|Any CPU
		{394FCBBF-6A7F-41AA-AED5-3E36619C206E}.Debug|Any CPU.Build.0 = Debug|Any CPU
		{394FCBBF-6A7F-41AA-AED5-3E36619C206E}.Release|Any CPU.ActiveCfg = Release|Any CPU
		{394FCBBF-6A7F-41AA-AED5-3E36619C206E}.Release|Any CPU.Build.0 = Release|Any CPU
	EndGlobalSection
	GlobalSection(SolutionProperties) = preSolution
		HideSolutionNode = FALSE
	EndGlobalSection
	GlobalSection(ExtensibilityGlobals) = postSolution
		SolutionGuid = {67172836-C05C-4279-A6A1-E97C2D3532D2}
	EndGlobalSection
EndGlobal
